// !$*UTF8*$!
{
	archiveVersion = 1;
	classes = {
	};
	objectVersion = 56;
	objects = {

/* Begin PBXBuildFile section */
		2B4DB7EE2B15331A00CA357A /* MealPlanModel.swift in Sources */ = {isa = PBXBuildFile; fileRef = 2B4DB7ED2B15331A00CA357A /* MealPlanModel.swift */; };
		2B4DB7F42B18E97600CA357A /* DayCard.swift in Sources */ = {isa = PBXBuildFile; fileRef = 2B4DB7F32B18E97600CA357A /* DayCard.swift */; };
		2B4DB7F72B1903FC00CA357A /* Algorithms in Frameworks */ = {isa = PBXBuildFile; productRef = 2B4DB7F62B1903FC00CA357A /* Algorithms */; };
		2B4DB7FB2B2004F300CA357A /* MealPlanViewModel.swift in Sources */ = {isa = PBXBuildFile; fileRef = 2B4DB7FA2B2004F300CA357A /* MealPlanViewModel.swift */; };
		2B4DB7FE2B21120500CA357A /* Launch Screen.storyboard in Resources */ = {isa = PBXBuildFile; fileRef = 2B4DB7FD2B21120500CA357A /* Launch Screen.storyboard */; };
		2B4DB8002B2A1C0700CA357A /* IngredientRowView.swift in Sources */ = {isa = PBXBuildFile; fileRef = 2B4DB7FF2B2A1C0700CA357A /* IngredientRowView.swift */; };
		2BBC54F92AE6CE0E00D3043D /* FinalProjectApp.swift in Sources */ = {isa = PBXBuildFile; fileRef = 2BBC54F82AE6CE0E00D3043D /* FinalProjectApp.swift */; };
		2BBC54FB2AE6CE0E00D3043D /* ContentView.swift in Sources */ = {isa = PBXBuildFile; fileRef = 2BBC54FA2AE6CE0E00D3043D /* ContentView.swift */; };
		2BBC54FF2AE6CE0F00D3043D /* Assets.xcassets in Resources */ = {isa = PBXBuildFile; fileRef = 2BBC54FE2AE6CE0F00D3043D /* Assets.xcassets */; };
		2BBC55022AE6CE0F00D3043D /* Preview Assets.xcassets in Resources */ = {isa = PBXBuildFile; fileRef = 2BBC55012AE6CE0F00D3043D /* Preview Assets.xcassets */; };
		2BBC55092AE6D4E200D3043D /* CallBodyModel.swift in Sources */ = {isa = PBXBuildFile; fileRef = 2BBC55082AE6D4E200D3043D /* CallBodyModel.swift */; };
		2BBC550B2AE6DE3200D3043D /* CallBodyView.swift in Sources */ = {isa = PBXBuildFile; fileRef = 2BBC550A2AE6DE3200D3043D /* CallBodyView.swift */; };
		2BBC550D2AE6E4FF00D3043D /* CallBodyViewModel.swift in Sources */ = {isa = PBXBuildFile; fileRef = 2BBC550C2AE6E4FF00D3043D /* CallBodyViewModel.swift */; };
		2BBC551F2AE9A1C200D3043D /* InPantryView.swift in Sources */ = {isa = PBXBuildFile; fileRef = 2BBC551E2AE9A1C200D3043D /* InPantryView.swift */; };
		2BBC55212AE9A1D900D3043D /* AddPantryView.swift in Sources */ = {isa = PBXBuildFile; fileRef = 2BBC55202AE9A1D900D3043D /* AddPantryView.swift */; };
		2BBC55232AE9A1E800D3043D /* PantryView.swift in Sources */ = {isa = PBXBuildFile; fileRef = 2BBC55222AE9A1E800D3043D /* PantryView.swift */; };
		2BBC55272AE9A21800D3043D /* WeekPlanView.swift in Sources */ = {isa = PBXBuildFile; fileRef = 2BBC55262AE9A21800D3043D /* WeekPlanView.swift */; };
		2BBC55292AE9A22400D3043D /* DayPlanView.swift in Sources */ = {isa = PBXBuildFile; fileRef = 2BBC55282AE9A22400D3043D /* DayPlanView.swift */; };
		2BBC552B2AE9A23700D3043D /* MealPlanningView.swift in Sources */ = {isa = PBXBuildFile; fileRef = 2BBC552A2AE9A23700D3043D /* MealPlanningView.swift */; };
		2BBC552D2AE9A24C00D3043D /* RecipeHomeView.swift in Sources */ = {isa = PBXBuildFile; fileRef = 2BBC552C2AE9A24C00D3043D /* RecipeHomeView.swift */; };
		2BBC552F2AE9A25700D3043D /* RecipeSearchView.swift in Sources */ = {isa = PBXBuildFile; fileRef = 2BBC552E2AE9A25700D3043D /* RecipeSearchView.swift */; };
		2BBC55312AE9A26800D3043D /* RecipeDetailView.swift in Sources */ = {isa = PBXBuildFile; fileRef = 2BBC55302AE9A26800D3043D /* RecipeDetailView.swift */; };
		2BBC55332AE9C33B00D3043D /* AllCollectionsView.swift in Sources */ = {isa = PBXBuildFile; fileRef = 2BBC55322AE9C33B00D3043D /* AllCollectionsView.swift */; };
		2BBC553B2AF0020B00D3043D /* RecipeCardView.swift in Sources */ = {isa = PBXBuildFile; fileRef = 2BBC553A2AF0020B00D3043D /* RecipeCardView.swift */; };
		2BBC55412AF0251E00D3043D /* IngredientModel.swift in Sources */ = {isa = PBXBuildFile; fileRef = 2BBC55402AF0251E00D3043D /* IngredientModel.swift */; };
		2BBC55452AF0253000D3043D /* PantryViewModel.swift in Sources */ = {isa = PBXBuildFile; fileRef = 2BBC55442AF0253000D3043D /* PantryViewModel.swift */; };
		2BBC55472AF3418200D3043D /* ItemCardView.swift in Sources */ = {isa = PBXBuildFile; fileRef = 2BBC55462AF3418200D3043D /* ItemCardView.swift */; };
		2BBC55492AF40C9A00D3043D /* CollectionModel.swift in Sources */ = {isa = PBXBuildFile; fileRef = 2BBC55482AF40C9A00D3043D /* CollectionModel.swift */; };
		2BBC554B2AF4216300D3043D /* CustomButton.swift in Sources */ = {isa = PBXBuildFile; fileRef = 2BBC554A2AF4216300D3043D /* CustomButton.swift */; };
		2BBC55692AF44A1100D3043D /* RecipeListView.swift in Sources */ = {isa = PBXBuildFile; fileRef = 2BBC55682AF44A1100D3043D /* RecipeListView.swift */; };
		2BBC556B2AF6CB2900D3043D /* CollectionCardView.swift in Sources */ = {isa = PBXBuildFile; fileRef = 2BBC556A2AF6CB2900D3043D /* CollectionCardView.swift */; };
		2BBC556D2AF80F6500D3043D /* CollectionListView.swift in Sources */ = {isa = PBXBuildFile; fileRef = 2BBC556C2AF80F6500D3043D /* CollectionListView.swift */; };
		2BBC556F2AFD6A1200D3043D /* Item.swift in Sources */ = {isa = PBXBuildFile; fileRef = 2BBC556E2AFD6A1200D3043D /* Item.swift */; };
		2BBC55722B058BF400D3043D /* CollectionViewModel.swift in Sources */ = {isa = PBXBuildFile; fileRef = 2BBC55712B058BF400D3043D /* CollectionViewModel.swift */; };
		2BBC55742B05CFFC00D3043D /* CollectionRecipeCardView.swift in Sources */ = {isa = PBXBuildFile; fileRef = 2BBC55732B05CFFC00D3043D /* CollectionRecipeCardView.swift */; };
/* End PBXBuildFile section */

/* Begin PBXFileReference section */
		2B4DB7ED2B15331A00CA357A /* MealPlanModel.swift */ = {isa = PBXFileReference; lastKnownFileType = sourcecode.swift; path = MealPlanModel.swift; sourceTree = "<group>"; };
		2B4DB7F32B18E97600CA357A /* DayCard.swift */ = {isa = PBXFileReference; lastKnownFileType = sourcecode.swift; path = DayCard.swift; sourceTree = "<group>"; };
		2B4DB7FA2B2004F300CA357A /* MealPlanViewModel.swift */ = {isa = PBXFileReference; lastKnownFileType = sourcecode.swift; name = MealPlanViewModel.swift; path = "FinalProject/Meal Planning/MealPlanViewModel.swift"; sourceTree = SOURCE_ROOT; };
		2B4DB7FC2B210E1700CA357A /* Info.plist */ = {isa = PBXFileReference; lastKnownFileType = text.plist; path = Info.plist; sourceTree = "<group>"; };
		2B4DB7FD2B21120500CA357A /* Launch Screen.storyboard */ = {isa = PBXFileReference; lastKnownFileType = file.storyboard; path = "Launch Screen.storyboard"; sourceTree = "<group>"; };
		2B4DB7FF2B2A1C0700CA357A /* IngredientRowView.swift */ = {isa = PBXFileReference; lastKnownFileType = sourcecode.swift; path = IngredientRowView.swift; sourceTree = "<group>"; };
		2BBC54F52AE6CE0E00D3043D /* CookBook.app */ = {isa = PBXFileReference; explicitFileType = wrapper.application; includeInIndex = 0; path = CookBook.app; sourceTree = BUILT_PRODUCTS_DIR; };
		2BBC54F82AE6CE0E00D3043D /* FinalProjectApp.swift */ = {isa = PBXFileReference; lastKnownFileType = sourcecode.swift; path = FinalProjectApp.swift; sourceTree = "<group>"; };
		2BBC54FA2AE6CE0E00D3043D /* ContentView.swift */ = {isa = PBXFileReference; lastKnownFileType = sourcecode.swift; path = ContentView.swift; sourceTree = "<group>"; };
		2BBC54FE2AE6CE0F00D3043D /* Assets.xcassets */ = {isa = PBXFileReference; lastKnownFileType = folder.assetcatalog; path = Assets.xcassets; sourceTree = "<group>"; };
		2BBC55012AE6CE0F00D3043D /* Preview Assets.xcassets */ = {isa = PBXFileReference; lastKnownFileType = folder.assetcatalog; path = "Preview Assets.xcassets"; sourceTree = "<group>"; };
		2BBC55082AE6D4E200D3043D /* CallBodyModel.swift */ = {isa = PBXFileReference; lastKnownFileType = sourcecode.swift; path = CallBodyModel.swift; sourceTree = "<group>"; };
		2BBC550A2AE6DE3200D3043D /* CallBodyView.swift */ = {isa = PBXFileReference; lastKnownFileType = sourcecode.swift; path = CallBodyView.swift; sourceTree = "<group>"; };
		2BBC550C2AE6E4FF00D3043D /* CallBodyViewModel.swift */ = {isa = PBXFileReference; lastKnownFileType = sourcecode.swift; path = CallBodyViewModel.swift; sourceTree = "<group>"; };
		2BBC551E2AE9A1C200D3043D /* InPantryView.swift */ = {isa = PBXFileReference; lastKnownFileType = sourcecode.swift; path = InPantryView.swift; sourceTree = "<group>"; };
		2BBC55202AE9A1D900D3043D /* AddPantryView.swift */ = {isa = PBXFileReference; lastKnownFileType = sourcecode.swift; path = AddPantryView.swift; sourceTree = "<group>"; };
		2BBC55222AE9A1E800D3043D /* PantryView.swift */ = {isa = PBXFileReference; lastKnownFileType = sourcecode.swift; path = PantryView.swift; sourceTree = "<group>"; };
		2BBC55262AE9A21800D3043D /* WeekPlanView.swift */ = {isa = PBXFileReference; lastKnownFileType = sourcecode.swift; path = WeekPlanView.swift; sourceTree = "<group>"; };
		2BBC55282AE9A22400D3043D /* DayPlanView.swift */ = {isa = PBXFileReference; lastKnownFileType = sourcecode.swift; path = DayPlanView.swift; sourceTree = "<group>"; };
		2BBC552A2AE9A23700D3043D /* MealPlanningView.swift */ = {isa = PBXFileReference; lastKnownFileType = sourcecode.swift; path = MealPlanningView.swift; sourceTree = "<group>"; };
		2BBC552C2AE9A24C00D3043D /* RecipeHomeView.swift */ = {isa = PBXFileReference; lastKnownFileType = sourcecode.swift; path = RecipeHomeView.swift; sourceTree = "<group>"; };
		2BBC552E2AE9A25700D3043D /* RecipeSearchView.swift */ = {isa = PBXFileReference; lastKnownFileType = sourcecode.swift; path = RecipeSearchView.swift; sourceTree = "<group>"; };
		2BBC55302AE9A26800D3043D /* RecipeDetailView.swift */ = {isa = PBXFileReference; lastKnownFileType = sourcecode.swift; path = RecipeDetailView.swift; sourceTree = "<group>"; };
		2BBC55322AE9C33B00D3043D /* AllCollectionsView.swift */ = {isa = PBXFileReference; lastKnownFileType = sourcecode.swift; path = AllCollectionsView.swift; sourceTree = "<group>"; };
		2BBC553A2AF0020B00D3043D /* RecipeCardView.swift */ = {isa = PBXFileReference; lastKnownFileType = sourcecode.swift; path = RecipeCardView.swift; sourceTree = "<group>"; };
		2BBC55402AF0251E00D3043D /* IngredientModel.swift */ = {isa = PBXFileReference; lastKnownFileType = sourcecode.swift; path = IngredientModel.swift; sourceTree = "<group>"; };
		2BBC55442AF0253000D3043D /* PantryViewModel.swift */ = {isa = PBXFileReference; lastKnownFileType = sourcecode.swift; path = PantryViewModel.swift; sourceTree = "<group>"; };
		2BBC55462AF3418200D3043D /* ItemCardView.swift */ = {isa = PBXFileReference; lastKnownFileType = sourcecode.swift; path = ItemCardView.swift; sourceTree = "<group>"; };
		2BBC55482AF40C9A00D3043D /* CollectionModel.swift */ = {isa = PBXFileReference; lastKnownFileType = sourcecode.swift; path = CollectionModel.swift; sourceTree = "<group>"; };
		2BBC554A2AF4216300D3043D /* CustomButton.swift */ = {isa = PBXFileReference; lastKnownFileType = sourcecode.swift; path = CustomButton.swift; sourceTree = "<group>"; };
		2BBC55682AF44A1100D3043D /* RecipeListView.swift */ = {isa = PBXFileReference; lastKnownFileType = sourcecode.swift; path = RecipeListView.swift; sourceTree = "<group>"; };
		2BBC556A2AF6CB2900D3043D /* CollectionCardView.swift */ = {isa = PBXFileReference; lastKnownFileType = sourcecode.swift; path = CollectionCardView.swift; sourceTree = "<group>"; };
		2BBC556C2AF80F6500D3043D /* CollectionListView.swift */ = {isa = PBXFileReference; lastKnownFileType = sourcecode.swift; path = CollectionListView.swift; sourceTree = "<group>"; };
		2BBC556E2AFD6A1200D3043D /* Item.swift */ = {isa = PBXFileReference; lastKnownFileType = sourcecode.swift; path = Item.swift; sourceTree = "<group>"; };
		2BBC55712B058BF400D3043D /* CollectionViewModel.swift */ = {isa = PBXFileReference; lastKnownFileType = sourcecode.swift; path = CollectionViewModel.swift; sourceTree = "<group>"; };
		2BBC55732B05CFFC00D3043D /* CollectionRecipeCardView.swift */ = {isa = PBXFileReference; lastKnownFileType = sourcecode.swift; path = CollectionRecipeCardView.swift; sourceTree = "<group>"; };
/* End PBXFileReference section */

/* Begin PBXFrameworksBuildPhase section */
		2BBC54F22AE6CE0E00D3043D /* Frameworks */ = {
			isa = PBXFrameworksBuildPhase;
			buildActionMask = 2147483647;
			files = (
				2B4DB7F72B1903FC00CA357A /* Algorithms in Frameworks */,
			);
			runOnlyForDeploymentPostprocessing = 0;
		};
/* End PBXFrameworksBuildPhase section */

/* Begin PBXGroup section */
		2BBC54EC2AE6CE0E00D3043D = {
			isa = PBXGroup;
			children = (
				2BBC54F72AE6CE0E00D3043D /* FinalProject */,
				2BBC54F62AE6CE0E00D3043D /* Products */,
			);
			sourceTree = "<group>";
		};
		2BBC54F62AE6CE0E00D3043D /* Products */ = {
			isa = PBXGroup;
			children = (
				2BBC54F52AE6CE0E00D3043D /* CookBook.app */,
			);
			name = Products;
			sourceTree = "<group>";
		};
		2BBC54F72AE6CE0E00D3043D /* FinalProject */ = {
			isa = PBXGroup;
			children = (
				2B4DB7FC2B210E1700CA357A /* Info.plist */,
				2BBC55342AE9C3A600D3043D /* Collections */,
				2BBC55102AE990F600D3043D /* Meal Planning */,
				2BBC550F2AE990EE00D3043D /* Recipes */,
				2BBC550E2AE990E100D3043D /* Pantry */,
				2BBC54F82AE6CE0E00D3043D /* FinalProjectApp.swift */,
				2BBC54FA2AE6CE0E00D3043D /* ContentView.swift */,
				2BBC554A2AF4216300D3043D /* CustomButton.swift */,
				2BBC54FE2AE6CE0F00D3043D /* Assets.xcassets */,
				2B4DB7FD2B21120500CA357A /* Launch Screen.storyboard */,
				2BBC55002AE6CE0F00D3043D /* Preview Content */,
			);
			path = FinalProject;
			sourceTree = "<group>";
		};
		2BBC55002AE6CE0F00D3043D /* Preview Content */ = {
			isa = PBXGroup;
			children = (
				2BBC55012AE6CE0F00D3043D /* Preview Assets.xcassets */,
			);
			path = "Preview Content";
			sourceTree = "<group>";
		};
		2BBC550E2AE990E100D3043D /* Pantry */ = {
			isa = PBXGroup;
			children = (
				2BBC55142AE9913C00D3043D /* View */,
				2BBC55132AE9913400D3043D /* ViewModel */,
				2BBC55122AE9912200D3043D /* Model */,
			);
			path = Pantry;
			sourceTree = "<group>";
		};
		2BBC550F2AE990EE00D3043D /* Recipes */ = {
			isa = PBXGroup;
			children = (
				2BBC55172AE9916000D3043D /* View */,
				2BBC55162AE9915A00D3043D /* ViewModel */,
				2BBC55152AE9915400D3043D /* Model */,
			);
			path = Recipes;
			sourceTree = "<group>";
		};
		2BBC55102AE990F600D3043D /* Meal Planning */ = {
			isa = PBXGroup;
			children = (
				2BBC551A2AE992A100D3043D /* View */,
				2BBC55192AE9929C00D3043D /* ViewModel */,
				2BBC55182AE9929400D3043D /* Model */,
			);
			path = "Meal Planning";
			sourceTree = "<group>";
		};
		2BBC55122AE9912200D3043D /* Model */ = {
			isa = PBXGroup;
			children = (
				2BBC55402AF0251E00D3043D /* IngredientModel.swift */,
				2BBC556E2AFD6A1200D3043D /* Item.swift */,
			);
			path = Model;
			sourceTree = "<group>";
		};
		2BBC55132AE9913400D3043D /* ViewModel */ = {
			isa = PBXGroup;
			children = (
				2BBC55442AF0253000D3043D /* PantryViewModel.swift */,
			);
			path = ViewModel;
			sourceTree = "<group>";
		};
		2BBC55142AE9913C00D3043D /* View */ = {
			isa = PBXGroup;
			children = (
				2BBC551E2AE9A1C200D3043D /* InPantryView.swift */,
				2BBC55222AE9A1E800D3043D /* PantryView.swift */,
				2BBC55202AE9A1D900D3043D /* AddPantryView.swift */,
				2B4DB7FF2B2A1C0700CA357A /* IngredientRowView.swift */,
			);
			path = View;
			sourceTree = "<group>";
		};
		2BBC55152AE9915400D3043D /* Model */ = {
			isa = PBXGroup;
			children = (
				2BBC55082AE6D4E200D3043D /* CallBodyModel.swift */,
			);
			path = Model;
			sourceTree = "<group>";
		};
		2BBC55162AE9915A00D3043D /* ViewModel */ = {
			isa = PBXGroup;
			children = (
				2BBC550C2AE6E4FF00D3043D /* CallBodyViewModel.swift */,
			);
			path = ViewModel;
			sourceTree = "<group>";
		};
		2BBC55172AE9916000D3043D /* View */ = {
			isa = PBXGroup;
			children = (
				2BBC552C2AE9A24C00D3043D /* RecipeHomeView.swift */,
				2BBC552E2AE9A25700D3043D /* RecipeSearchView.swift */,
				2BBC55302AE9A26800D3043D /* RecipeDetailView.swift */,
				2BBC550A2AE6DE3200D3043D /* CallBodyView.swift */,
				2BBC553A2AF0020B00D3043D /* RecipeCardView.swift */,
				2BBC55462AF3418200D3043D /* ItemCardView.swift */,
				2BBC55682AF44A1100D3043D /* RecipeListView.swift */,
			);
			path = View;
			sourceTree = "<group>";
		};
		2BBC55182AE9929400D3043D /* Model */ = {
			isa = PBXGroup;
			children = (
				2B4DB7ED2B15331A00CA357A /* MealPlanModel.swift */,
			);
			path = Model;
			sourceTree = "<group>";
		};
		2BBC55192AE9929C00D3043D /* ViewModel */ = {
			isa = PBXGroup;
			children = (
				2B4DB7FA2B2004F300CA357A /* MealPlanViewModel.swift */,
			);
			path = ViewModel;
			sourceTree = "<group>";
		};
		2BBC551A2AE992A100D3043D /* View */ = {
			isa = PBXGroup;
			children = (
				2BBC55262AE9A21800D3043D /* WeekPlanView.swift */,
				2BBC55282AE9A22400D3043D /* DayPlanView.swift */,
				2BBC552A2AE9A23700D3043D /* MealPlanningView.swift */,
				2B4DB7F32B18E97600CA357A /* DayCard.swift */,
			);
			path = View;
			sourceTree = "<group>";
		};
		2BBC55342AE9C3A600D3043D /* Collections */ = {
			isa = PBXGroup;
			children = (
				2BBC55702B058BCC00D3043D /* ViewModel */,
				2BBC55372AE9C3B800D3043D /* View */,
				2BBC55352AE9C3AD00D3043D /* Model */,
			);
			path = Collections;
			sourceTree = "<group>";
		};
		2BBC55352AE9C3AD00D3043D /* Model */ = {
			isa = PBXGroup;
			children = (
				2BBC55482AF40C9A00D3043D /* CollectionModel.swift */,
			);
			path = Model;
			sourceTree = "<group>";
		};
		2BBC55372AE9C3B800D3043D /* View */ = {
			isa = PBXGroup;
			children = (
				2BBC55322AE9C33B00D3043D /* AllCollectionsView.swift */,
				2BBC556A2AF6CB2900D3043D /* CollectionCardView.swift */,
				2BBC556C2AF80F6500D3043D /* CollectionListView.swift */,
				2BBC55732B05CFFC00D3043D /* CollectionRecipeCardView.swift */,
			);
			path = View;
			sourceTree = "<group>";
		};
		2BBC55702B058BCC00D3043D /* ViewModel */ = {
			isa = PBXGroup;
			children = (
				2BBC55712B058BF400D3043D /* CollectionViewModel.swift */,
			);
			path = ViewModel;
			sourceTree = "<group>";
		};
/* End PBXGroup section */

/* Begin PBXNativeTarget section */
		2BBC54F42AE6CE0E00D3043D /* CookBook */ = {
			isa = PBXNativeTarget;
			buildConfigurationList = 2BBC55052AE6CE0F00D3043D /* Build configuration list for PBXNativeTarget "CookBook" */;
			buildPhases = (
				2BBC54F12AE6CE0E00D3043D /* Sources */,
				2BBC54F22AE6CE0E00D3043D /* Frameworks */,
				2BBC54F32AE6CE0E00D3043D /* Resources */,
			);
			buildRules = (
			);
			dependencies = (
			);
			name = CookBook;
			packageProductDependencies = (
				2B4DB7F62B1903FC00CA357A /* Algorithms */,
			);
			productName = FinalProject;
			productReference = 2BBC54F52AE6CE0E00D3043D /* CookBook.app */;
			productType = "com.apple.product-type.application";
		};
/* End PBXNativeTarget section */

/* Begin PBXProject section */
		2BBC54ED2AE6CE0E00D3043D /* Project object */ = {
			isa = PBXProject;
			attributes = {
				BuildIndependentTargetsInParallel = 1;
				LastSwiftUpdateCheck = 1500;
				LastUpgradeCheck = 1500;
				TargetAttributes = {
					2BBC54F42AE6CE0E00D3043D = {
						CreatedOnToolsVersion = 15.0;
					};
				};
			};
			buildConfigurationList = 2BBC54F02AE6CE0E00D3043D /* Build configuration list for PBXProject "FinalProject" */;
			compatibilityVersion = "Xcode 14.0";
			developmentRegion = en;
			hasScannedForEncodings = 0;
			knownRegions = (
				en,
				Base,
			);
			mainGroup = 2BBC54EC2AE6CE0E00D3043D;
			packageReferences = (
				2B4DB7F52B1903FC00CA357A /* XCRemoteSwiftPackageReference "swift-algorithms" */,
			);
			productRefGroup = 2BBC54F62AE6CE0E00D3043D /* Products */;
			projectDirPath = "";
			projectRoot = "";
			targets = (
				2BBC54F42AE6CE0E00D3043D /* CookBook */,
			);
		};
/* End PBXProject section */

/* Begin PBXResourcesBuildPhase section */
		2BBC54F32AE6CE0E00D3043D /* Resources */ = {
			isa = PBXResourcesBuildPhase;
			buildActionMask = 2147483647;
			files = (
				2B4DB7FE2B21120500CA357A /* Launch Screen.storyboard in Resources */,
				2BBC55022AE6CE0F00D3043D /* Preview Assets.xcassets in Resources */,
				2BBC54FF2AE6CE0F00D3043D /* Assets.xcassets in Resources */,
			);
			runOnlyForDeploymentPostprocessing = 0;
		};
/* End PBXResourcesBuildPhase section */

/* Begin PBXSourcesBuildPhase section */
		2BBC54F12AE6CE0E00D3043D /* Sources */ = {
			isa = PBXSourcesBuildPhase;
			buildActionMask = 2147483647;
			files = (
				2BBC554B2AF4216300D3043D /* CustomButton.swift in Sources */,
				2BBC55212AE9A1D900D3043D /* AddPantryView.swift in Sources */,
				2BBC552D2AE9A24C00D3043D /* RecipeHomeView.swift in Sources */,
				2B4DB7FB2B2004F300CA357A /* MealPlanViewModel.swift in Sources */,
				2BBC551F2AE9A1C200D3043D /* InPantryView.swift in Sources */,
				2BBC552B2AE9A23700D3043D /* MealPlanningView.swift in Sources */,
				2BBC54FB2AE6CE0E00D3043D /* ContentView.swift in Sources */,
				2BBC55272AE9A21800D3043D /* WeekPlanView.swift in Sources */,
				2BBC55092AE6D4E200D3043D /* CallBodyModel.swift in Sources */,
				2BBC55472AF3418200D3043D /* ItemCardView.swift in Sources */,
				2BBC556F2AFD6A1200D3043D /* Item.swift in Sources */,
				2BBC55742B05CFFC00D3043D /* CollectionRecipeCardView.swift in Sources */,
				2BBC55312AE9A26800D3043D /* RecipeDetailView.swift in Sources */,
				2BBC55332AE9C33B00D3043D /* AllCollectionsView.swift in Sources */,
				2BBC55692AF44A1100D3043D /* RecipeListView.swift in Sources */,
				2BBC556B2AF6CB2900D3043D /* CollectionCardView.swift in Sources */,
				2BBC55722B058BF400D3043D /* CollectionViewModel.swift in Sources */,
				2BBC550B2AE6DE3200D3043D /* CallBodyView.swift in Sources */,
				2B4DB7F42B18E97600CA357A /* DayCard.swift in Sources */,
				2BBC55412AF0251E00D3043D /* IngredientModel.swift in Sources */,
				2BBC55292AE9A22400D3043D /* DayPlanView.swift in Sources */,
				2B4DB8002B2A1C0700CA357A /* IngredientRowView.swift in Sources */,
				2BBC55452AF0253000D3043D /* PantryViewModel.swift in Sources */,
				2BBC55232AE9A1E800D3043D /* PantryView.swift in Sources */,
				2BBC550D2AE6E4FF00D3043D /* CallBodyViewModel.swift in Sources */,
				2BBC54F92AE6CE0E00D3043D /* FinalProjectApp.swift in Sources */,
				2BBC552F2AE9A25700D3043D /* RecipeSearchView.swift in Sources */,
				2BBC553B2AF0020B00D3043D /* RecipeCardView.swift in Sources */,
				2BBC55492AF40C9A00D3043D /* CollectionModel.swift in Sources */,
				2B4DB7EE2B15331A00CA357A /* MealPlanModel.swift in Sources */,
				2BBC556D2AF80F6500D3043D /* CollectionListView.swift in Sources */,
			);
			runOnlyForDeploymentPostprocessing = 0;
		};
/* End PBXSourcesBuildPhase section */

/* Begin XCBuildConfiguration section */
		2BBC55032AE6CE0F00D3043D /* Debug */ = {
			isa = XCBuildConfiguration;
			buildSettings = {
				ALWAYS_SEARCH_USER_PATHS = NO;
				ASSETCATALOG_COMPILER_GENERATE_SWIFT_ASSET_SYMBOL_EXTENSIONS = YES;
				CLANG_ANALYZER_NONNULL = YES;
				CLANG_ANALYZER_NUMBER_OBJECT_CONVERSION = YES_AGGRESSIVE;
				CLANG_CXX_LANGUAGE_STANDARD = "gnu++20";
				CLANG_ENABLE_MODULES = YES;
				CLANG_ENABLE_OBJC_ARC = YES;
				CLANG_ENABLE_OBJC_WEAK = YES;
				CLANG_WARN_BLOCK_CAPTURE_AUTORELEASING = YES;
				CLANG_WARN_BOOL_CONVERSION = YES;
				CLANG_WARN_COMMA = YES;
				CLANG_WARN_CONSTANT_CONVERSION = YES;
				CLANG_WARN_DEPRECATED_OBJC_IMPLEMENTATIONS = YES;
				CLANG_WARN_DIRECT_OBJC_ISA_USAGE = YES_ERROR;
				CLANG_WARN_DOCUMENTATION_COMMENTS = YES;
				CLANG_WARN_EMPTY_BODY = YES;
				CLANG_WARN_ENUM_CONVERSION = YES;
				CLANG_WARN_INFINITE_RECURSION = YES;
				CLANG_WARN_INT_CONVERSION = YES;
				CLANG_WARN_NON_LITERAL_NULL_CONVERSION = YES;
				CLANG_WARN_OBJC_IMPLICIT_RETAIN_SELF = YES;
				CLANG_WARN_OBJC_LITERAL_CONVERSION = YES;
				CLANG_WARN_OBJC_ROOT_CLASS = YES_ERROR;
				CLANG_WARN_QUOTED_INCLUDE_IN_FRAMEWORK_HEADER = YES;
				CLANG_WARN_RANGE_LOOP_ANALYSIS = YES;
				CLANG_WARN_STRICT_PROTOTYPES = YES;
				CLANG_WARN_SUSPICIOUS_MOVE = YES;
				CLANG_WARN_UNGUARDED_AVAILABILITY = YES_AGGRESSIVE;
				CLANG_WARN_UNREACHABLE_CODE = YES;
				CLANG_WARN__DUPLICATE_METHOD_MATCH = YES;
				COPY_PHASE_STRIP = NO;
				DEBUG_INFORMATION_FORMAT = dwarf;
				ENABLE_STRICT_OBJC_MSGSEND = YES;
				ENABLE_TESTABILITY = YES;
				ENABLE_USER_SCRIPT_SANDBOXING = YES;
				GCC_C_LANGUAGE_STANDARD = gnu17;
				GCC_DYNAMIC_NO_PIC = NO;
				GCC_NO_COMMON_BLOCKS = YES;
				GCC_OPTIMIZATION_LEVEL = 0;
				GCC_PREPROCESSOR_DEFINITIONS = (
					"DEBUG=1",
					"$(inherited)",
				);
				GCC_WARN_64_TO_32_BIT_CONVERSION = YES;
				GCC_WARN_ABOUT_RETURN_TYPE = YES_ERROR;
				GCC_WARN_UNDECLARED_SELECTOR = YES;
				GCC_WARN_UNINITIALIZED_AUTOS = YES_AGGRESSIVE;
				GCC_WARN_UNUSED_FUNCTION = YES;
				GCC_WARN_UNUSED_VARIABLE = YES;
				IPHONEOS_DEPLOYMENT_TARGET = 17.0;
				LOCALIZATION_PREFERS_STRING_CATALOGS = YES;
				MTL_ENABLE_DEBUG_INFO = INCLUDE_SOURCE;
				MTL_FAST_MATH = YES;
				ONLY_ACTIVE_ARCH = YES;
				SDKROOT = iphoneos;
				SWIFT_ACTIVE_COMPILATION_CONDITIONS = "DEBUG $(inherited)";
				SWIFT_OPTIMIZATION_LEVEL = "-Onone";
			};
			name = Debug;
		};
		2BBC55042AE6CE0F00D3043D /* Release */ = {
			isa = XCBuildConfiguration;
			buildSettings = {
				ALWAYS_SEARCH_USER_PATHS = NO;
				ASSETCATALOG_COMPILER_GENERATE_SWIFT_ASSET_SYMBOL_EXTENSIONS = YES;
				CLANG_ANALYZER_NONNULL = YES;
				CLANG_ANALYZER_NUMBER_OBJECT_CONVERSION = YES_AGGRESSIVE;
				CLANG_CXX_LANGUAGE_STANDARD = "gnu++20";
				CLANG_ENABLE_MODULES = YES;
				CLANG_ENABLE_OBJC_ARC = YES;
				CLANG_ENABLE_OBJC_WEAK = YES;
				CLANG_WARN_BLOCK_CAPTURE_AUTORELEASING = YES;
				CLANG_WARN_BOOL_CONVERSION = YES;
				CLANG_WARN_COMMA = YES;
				CLANG_WARN_CONSTANT_CONVERSION = YES;
				CLANG_WARN_DEPRECATED_OBJC_IMPLEMENTATIONS = YES;
				CLANG_WARN_DIRECT_OBJC_ISA_USAGE = YES_ERROR;
				CLANG_WARN_DOCUMENTATION_COMMENTS = YES;
				CLANG_WARN_EMPTY_BODY = YES;
				CLANG_WARN_ENUM_CONVERSION = YES;
				CLANG_WARN_INFINITE_RECURSION = YES;
				CLANG_WARN_INT_CONVERSION = YES;
				CLANG_WARN_NON_LITERAL_NULL_CONVERSION = YES;
				CLANG_WARN_OBJC_IMPLICIT_RETAIN_SELF = YES;
				CLANG_WARN_OBJC_LITERAL_CONVERSION = YES;
				CLANG_WARN_OBJC_ROOT_CLASS = YES_ERROR;
				CLANG_WARN_QUOTED_INCLUDE_IN_FRAMEWORK_HEADER = YES;
				CLANG_WARN_RANGE_LOOP_ANALYSIS = YES;
				CLANG_WARN_STRICT_PROTOTYPES = YES;
				CLANG_WARN_SUSPICIOUS_MOVE = YES;
				CLANG_WARN_UNGUARDED_AVAILABILITY = YES_AGGRESSIVE;
				CLANG_WARN_UNREACHABLE_CODE = YES;
				CLANG_WARN__DUPLICATE_METHOD_MATCH = YES;
				COPY_PHASE_STRIP = NO;
				DEBUG_INFORMATION_FORMAT = "dwarf-with-dsym";
				ENABLE_NS_ASSERTIONS = NO;
				ENABLE_STRICT_OBJC_MSGSEND = YES;
				ENABLE_USER_SCRIPT_SANDBOXING = YES;
				GCC_C_LANGUAGE_STANDARD = gnu17;
				GCC_NO_COMMON_BLOCKS = YES;
				GCC_WARN_64_TO_32_BIT_CONVERSION = YES;
				GCC_WARN_ABOUT_RETURN_TYPE = YES_ERROR;
				GCC_WARN_UNDECLARED_SELECTOR = YES;
				GCC_WARN_UNINITIALIZED_AUTOS = YES_AGGRESSIVE;
				GCC_WARN_UNUSED_FUNCTION = YES;
				GCC_WARN_UNUSED_VARIABLE = YES;
				IPHONEOS_DEPLOYMENT_TARGET = 17.0;
				LOCALIZATION_PREFERS_STRING_CATALOGS = YES;
				MTL_ENABLE_DEBUG_INFO = NO;
				MTL_FAST_MATH = YES;
				SDKROOT = iphoneos;
				SWIFT_COMPILATION_MODE = wholemodule;
				VALIDATE_PRODUCT = YES;
			};
			name = Release;
		};
		2BBC55062AE6CE0F00D3043D /* Debug */ = {
			isa = XCBuildConfiguration;
			buildSettings = {
				ASSETCATALOG_COMPILER_APPICON_NAME = AppIcon;
				ASSETCATALOG_COMPILER_GLOBAL_ACCENT_COLOR_NAME = AccentColor;
				CODE_SIGN_STYLE = Automatic;
				CURRENT_PROJECT_VERSION = 1;
				DEVELOPMENT_ASSET_PATHS = "\"FinalProject/Preview Content\"";
				DEVELOPMENT_TEAM = S7MJA8C6QB;
				ENABLE_PREVIEWS = YES;
				GENERATE_INFOPLIST_FILE = YES;
				INFOPLIST_FILE = FinalProject/Info.plist;
				INFOPLIST_KEY_UIApplicationSceneManifest_Generation = YES;
				INFOPLIST_KEY_UIApplicationSupportsIndirectInputEvents = YES;
				INFOPLIST_KEY_UILaunchStoryboardName = "Launch Screen.storyboard";
				INFOPLIST_KEY_UISupportedInterfaceOrientations = UIInterfaceOrientationPortrait;
				INFOPLIST_KEY_UISupportedInterfaceOrientations_iPad = "UIInterfaceOrientationLandscapeLeft UIInterfaceOrientationLandscapeRight UIInterfaceOrientationPortrait UIInterfaceOrientationPortraitUpsideDown";
				LD_RUNPATH_SEARCH_PATHS = (
					"$(inherited)",
					"@executable_path/Frameworks",
				);
				MARKETING_VERSION = 1.0;
				PRODUCT_BUNDLE_IDENTIFIER = tnl.FinalProject;
				PRODUCT_NAME = "$(TARGET_NAME)";
				SWIFT_EMIT_LOC_STRINGS = YES;
				SWIFT_VERSION = 5.0;
				TARGETED_DEVICE_FAMILY = "1,2";
			};
			name = Debug;
		};
		2BBC55072AE6CE0F00D3043D /* Release */ = {
			isa = XCBuildConfiguration;
			buildSettings = {
				ASSETCATALOG_COMPILER_APPICON_NAME = AppIcon;
				ASSETCATALOG_COMPILER_GLOBAL_ACCENT_COLOR_NAME = AccentColor;
				CODE_SIGN_STYLE = Automatic;
				CURRENT_PROJECT_VERSION = 1;
				DEVELOPMENT_ASSET_PATHS = "\"FinalProject/Preview Content\"";
				DEVELOPMENT_TEAM = S7MJA8C6QB;
				ENABLE_PREVIEWS = YES;
				GENERATE_INFOPLIST_FILE = YES;
				INFOPLIST_FILE = FinalProject/Info.plist;
				INFOPLIST_KEY_UIApplicationSceneManifest_Generation = YES;
				INFOPLIST_KEY_UIApplicationSupportsIndirectInputEvents = YES;
				INFOPLIST_KEY_UILaunchStoryboardName = "Launch Screen.storyboard";
				INFOPLIST_KEY_UISupportedInterfaceOrientations = UIInterfaceOrientationPortrait;
				INFOPLIST_KEY_UISupportedInterfaceOrientations_iPad = "UIInterfaceOrientationLandscapeLeft UIInterfaceOrientationLandscapeRight UIInterfaceOrientationPortrait UIInterfaceOrientationPortraitUpsideDown";
				LD_RUNPATH_SEARCH_PATHS = (
					"$(inherited)",
					"@executable_path/Frameworks",
				);
				MARKETING_VERSION = 1.0;
				PRODUCT_BUNDLE_IDENTIFIER = tnl.FinalProject;
				PRODUCT_NAME = "$(TARGET_NAME)";
				SWIFT_EMIT_LOC_STRINGS = YES;
				SWIFT_VERSION = 5.0;
				TARGETED_DEVICE_FAMILY = "1,2";
			};
			name = Release;
		};
/* End XCBuildConfiguration section */

/* Begin XCConfigurationList section */
		2BBC54F02AE6CE0E00D3043D /* Build configuration list for PBXProject "FinalProject" */ = {
			isa = XCConfigurationList;
			buildConfigurations = (
				2BBC55032AE6CE0F00D3043D /* Debug */,
				2BBC55042AE6CE0F00D3043D /* Release */,
			);
			defaultConfigurationIsVisible = 0;
			defaultConfigurationName = Release;
		};
		2BBC55052AE6CE0F00D3043D /* Build configuration list for PBXNativeTarget "CookBook" */ = {
			isa = XCConfigurationList;
			buildConfigurations = (
				2BBC55062AE6CE0F00D3043D /* Debug */,
				2BBC55072AE6CE0F00D3043D /* Release */,
			);
			defaultConfigurationIsVisible = 0;
			defaultConfigurationName = Release;
		};
/* End XCConfigurationList section */

/* Begin XCRemoteSwiftPackageReference section */
		2B4DB7F52B1903FC00CA357A /* XCRemoteSwiftPackageReference "swift-algorithms" */ = {
			isa = XCRemoteSwiftPackageReference;
			repositoryURL = "https://github.com/apple/swift-algorithms.git";
			requirement = {
				kind = upToNextMajorVersion;
				minimumVersion = 1.2.0;
			};
		};
/* End XCRemoteSwiftPackageReference section */

/* Begin XCSwiftPackageProductDependency section */
		2B4DB7F62B1903FC00CA357A /* Algorithms */ = {
			isa = XCSwiftPackageProductDependency;
			package = 2B4DB7F52B1903FC00CA357A /* XCRemoteSwiftPackageReference "swift-algorithms" */;
			productName = Algorithms;
		};
/* End XCSwiftPackageProductDependency section */
	};
	rootObject = 2BBC54ED2AE6CE0E00D3043D /* Project object */;
}
